Microsoft Visual Studio Solution File, Format Version 12.00
# Visual Studio 2012
Project("{FAE04EC0-301F-11D3-BF4B-00C04F79EFBC}") = "ldjam55", "ldjam55.csproj", "{B37E5799-5C4B-4BEA-9B6A-62C52D7FC322}"
EndProject
Global
	GlobalSection(SolutionConfigurationPlatforms) = preSolution
	Debug|Any CPU = Debug|Any CPU
	ExportDebug|Any CPU = ExportDebug|Any CPU
	ExportRelease|Any CPU = ExportRelease|Any CPU
	EndGlobalSection
	GlobalSection(ProjectConfigurationPlatforms) = postSolution
		{B37E5799-5C4B-4BEA-9B6A-62C52D7FC322}.Debug|Any CPU.ActiveCfg = Debug|Any CPU
		{B37E5799-5C4B-4BEA-9B6A-62C52D7FC322}.Debug|Any CPU.Build.0 = Debug|Any CPU
		{B37E5799-5C4B-4BEA-9B6A-62C52D7FC322}.ExportDebug|Any CPU.ActiveCfg = ExportDebug|Any CPU
		{B37E5799-5C4B-4BEA-9B6A-62C52D7FC322}.ExportDebug|Any CPU.Build.0 = ExportDebug|Any CPU
		{B37E5799-5C4B-4BEA-9B6A-62C52D7FC322}.ExportRelease|Any CPU.ActiveCfg = ExportRelease|Any CPU
		{B37E5799-5C4B-4BEA-9B6A-62C52D7FC322}.ExportRelease|Any CPU.Build.0 = ExportRelease|Any CPU
	EndGlobalSection
EndGlobal
